<?xml version="1.0" encoding="utf-8"?>
<Project ToolsVersion="4.0" xmlns="http://schemas.microsoft.com/developer/msbuild/2003">
  <ItemGroup>
    <Filter Include="Source Files">
      <UniqueIdentifier>{4FC737F1-C7A5-4376-A066-2A32D752A2FF}</UniqueIdentifier>
      <Extensions>cpp;c;cc;cxx;def;odl;idl;hpj;bat;asm;asmx</Extensions>
    </Filter>
    <Filter Include="Header Files">
      <UniqueIdentifier>{93995380-89BD-4b04-88EB-625FBE52EBFB}</UniqueIdentifier>
      <Extensions>h;hpp;hxx;hm;inl;inc;xsd</Extensions>
    </Filter>
    <Filter Include="Resource Files">
      <UniqueIdentifier>{67DA6AB6-F800-4c08-8B7A-83BB121AAD01}</UniqueIdentifier>
      <Extensions>rc;ico;cur;bmp;dlg;rc2;rct;bin;rgs;gif;jpg;jpeg;jpe;resx;tiff;tif;png;wav</Extensions>
    </Filter>
    <Filter Include="Header Files\GLUtils">
      <UniqueIdentifier>{a2d5147c-9fab-4da4-975c-585ba7e63a12}</UniqueIdentifier>
    </Filter>
    <Filter Include="Resource Files\shaders">
      <UniqueIdentifier>{c6ddb72e-9d05-4966-b090-ce6b52f8e9c4}</UniqueIdentifier>
    </Filter>
    <Filter Include="Resource Files\shaders\wireframe">
      <UniqueIdentifier>{72f268e6-dd5a-4e6f-af33-8ece78f216f9}</UniqueIdentifier>
    </Filter>
    <Filter Include="Resource Files\shaders\hidden_line">
      <UniqueIdentifier>{bc31060d-5f24-4abb-8cca-16b2e6054bac}</UniqueIdentifier>
    </Filter>
    <Filter Include="Resource Files\shaders\phong">
      <UniqueIdentifier>{ecb5e152-34e9-42a9-b40e-7d6aa621c8bc}</UniqueIdentifier>
    </Filter>
    <Filter Include="Resource Files\shaders\depth_to_screen_dump">
      <UniqueIdentifier>{3c3b2cc5-f4de-4342-b6ea-d3d8f4efd746}</UniqueIdentifier>
    </Filter>
    <Filter Include="Resource Files\shaders\light_pov_to_fbo">
      <UniqueIdentifier>{8735ccdd-b3ea-47f0-8cbe-2cd44ab34ec3}</UniqueIdentifier>
    </Filter>
    <Filter Include="Resource Files\shaders\gui">
      <UniqueIdentifier>{e023114d-5f51-495e-a5e0-1678b103abb1}</UniqueIdentifier>
    </Filter>
  </ItemGroup>
  <ItemGroup>
    <ClInclude Include="include\GameManager.h">
      <Filter>Header Files</Filter>
    </ClInclude>
    <ClInclude Include="include\Timer.h">
      <Filter>Header Files</Filter>
    </ClInclude>
    <ClInclude Include="include\VirtualTrackball.h">
      <Filter>Header Files</Filter>
    </ClInclude>
    <ClInclude Include="include\GLUtils\GLUtils.hpp">
      <Filter>Header Files\GLUtils</Filter>
    </ClInclude>
    <ClInclude Include="include\GLUtils\Program.hpp">
      <Filter>Header Files\GLUtils</Filter>
    </ClInclude>
    <ClInclude Include="include\Model.h">
      <Filter>Header Files</Filter>
    </ClInclude>
    <ClInclude Include="include\GLUtils\BO.hpp">
      <Filter>Header Files\GLUtils</Filter>
    </ClInclude>
    <ClInclude Include="include\GLUtils\CubeMap.hpp">
      <Filter>Header Files\GLUtils</Filter>
    </ClInclude>
    <ClInclude Include="include\ShadowFBO.h">
      <Filter>Header Files</Filter>
    </ClInclude>
    <ClInclude Include="include\GameException.h">
      <Filter>Header Files</Filter>
    </ClInclude>
    <ClInclude Include="include\SliderWithText.h">
      <Filter>Header Files</Filter>
    </ClInclude>
    <ClInclude Include="include\GUI_Util.h">
      <Filter>Header Files</Filter>
    </ClInclude>
    <ClInclude Include="include\Game_Constants.h">
      <Filter>Header Files</Filter>
    </ClInclude>
    <ClInclude Include="include\GUITexture.h">
      <Filter>Header Files</Filter>
    </ClInclude>
  </ItemGroup>
  <ItemGroup>
    <ClCompile Include="src\GameManager.cpp">
      <Filter>Source Files</Filter>
    </ClCompile>
    <ClCompile Include="src\main.cpp">
      <Filter>Source Files</Filter>
    </ClCompile>
    <ClCompile Include="src\VirtualTrackball.cpp">
      <Filter>Source Files</Filter>
    </ClCompile>
    <ClCompile Include="src\Model.cpp">
      <Filter>Source Files</Filter>
    </ClCompile>
    <ClCompile Include="src\ShadowFBO.cpp">
      <Filter>Source Files</Filter>
    </ClCompile>
    <ClCompile Include="src\SliderWithText.cpp">
      <Filter>Source Files</Filter>
    </ClCompile>
    <ClCompile Include="GUI_Util.cpp">
      <Filter>Source Files</Filter>
    </ClCompile>
    <ClCompile Include="src\GUITexture.cpp">
      <Filter>Source Files</Filter>
    </ClCompile>
  </ItemGroup>
  <ItemGroup>
    <None Include="shaders\wireframe.vert">
      <Filter>Resource Files\shaders\wireframe</Filter>
    </None>
    <None Include="shaders\wireframe.frag">
      <Filter>Resource Files\shaders\wireframe</Filter>
    </None>
    <None Include="shaders\wireframe.geom">
      <Filter>Resource Files\shaders\wireframe</Filter>
    </None>
    <None Include="shaders\phong.frag">
      <Filter>Resource Files\shaders\phong</Filter>
    </None>
    <None Include="shaders\phong.vert">
      <Filter>Resource Files\shaders\phong</Filter>
    </None>
    <None Include="shaders\phong.geom">
      <Filter>Resource Files\shaders\phong</Filter>
    </None>
    <None Include="shaders\hidden_line.frag">
      <Filter>Resource Files\shaders\hidden_line</Filter>
    </None>
    <None Include="shaders\hidden_line.geom">
      <Filter>Resource Files\shaders\hidden_line</Filter>
    </None>
    <None Include="shaders\hidden_line.vert">
      <Filter>Resource Files\shaders\hidden_line</Filter>
    </None>
    <None Include="shaders\depth_dump.frag">
      <Filter>Resource Files\shaders\depth_to_screen_dump</Filter>
    </None>
    <None Include="shaders\depth_dump.vert">
      <Filter>Resource Files\shaders\depth_to_screen_dump</Filter>
    </None>
    <None Include="shaders\light_pov.frag">
      <Filter>Resource Files\shaders\light_pov_to_fbo</Filter>
    </None>
    <None Include="shaders\light_pov.vert">
      <Filter>Resource Files\shaders\light_pov_to_fbo</Filter>
    </None>
    <None Include="shaders\GUI.geom">
      <Filter>Resource Files\shaders\gui</Filter>
    </None>
    <None Include="shaders\GUI.vert">
      <Filter>Resource Files\shaders\gui</Filter>
    </None>
    <None Include="shaders\GUI.frag">
      <Filter>Resource Files\shaders\gui</Filter>
    </None>
  </ItemGroup>
</Project>